
Microsoft Visual Studio Solution File, Format Version 12.00
# Visual Studio Version 17
VisualStudioVersion = 17.9.34728.123
MinimumVisualStudioVersion = 10.0.40219.1
Project("{2150E333-8FDC-42A3-9474-1A3956D46DE8}") = "src", "src", "{A15B13B3-8066-41DF-A3EB-11989AFCB258}"
EndProject
Project("{2150E333-8FDC-42A3-9474-1A3956D46DE8}") = "BuildingBlocks", "BuildingBlocks", "{FF043C3D-7D87-4E1F-9C36-840BB6B7E457}"
EndProject
Project("{2150E333-8FDC-42A3-9474-1A3956D46DE8}") = "Services", "Services", "{7DD8489D-7ED0-4D9E-A827-7D3566F35C50}"
EndProject
Project("{2150E333-8FDC-42A3-9474-1A3956D46DE8}") = "Web", "Web", "{8EB11AB0-EE94-4095-8D86-0101E3A696E5}"
EndProject
Project("{2150E333-8FDC-42A3-9474-1A3956D46DE8}") = "Identidade", "Identidade", "{E69971C0-1DA1-4818-AFC2-3A92597A3EBC}"
EndProject
Project("{FAE04EC0-301F-11D3-BF4B-00C04F79EFBC}") = "LeoStore.Identidade.Api", "src\services\LeoStore.Identidade.Api\LeoStore.Identidade.Api.csproj", "{826A80AC-1E52-4E96-9DF8-D34DA743E61F}"
EndProject
Project("{2150E333-8FDC-42A3-9474-1A3956D46DE8}") = "MVC", "MVC", "{D58B4EC5-DC08-4EA5-8705-C5D05F5E8A67}"
EndProject
Project("{FAE04EC0-301F-11D3-BF4B-00C04F79EFBC}") = "LeoStore.WebApp.Mvc", "src\web\LeoStore.WebApp.Mvc\LeoStore.WebApp.Mvc.csproj", "{BC415AE3-14CE-40BD-BB36-78D3917843AA}"
EndProject
Project("{2150E333-8FDC-42A3-9474-1A3956D46DE8}") = "Core", "Core", "{4F152228-7DD3-45F2-B297-81E5AE096B34}"
EndProject
Project("{FAE04EC0-301F-11D3-BF4B-00C04F79EFBC}") = "LeoStore.Core", "src\building blocks\LeoStore.Core\LeoStore.Core.csproj", "{19984282-F81E-453D-9070-A7E279561951}"
EndProject
Project("{2150E333-8FDC-42A3-9474-1A3956D46DE8}") = "Catalogo", "Catalogo", "{0A736512-38F4-4C81-BA81-EA66DF3F003C}"
EndProject
Project("{2150E333-8FDC-42A3-9474-1A3956D46DE8}") = "Carrinho", "Carrinho", "{B800A3A8-BB86-4638-BE64-663434FB2909}"
EndProject
Project("{2150E333-8FDC-42A3-9474-1A3956D46DE8}") = "Cliente", "Cliente", "{542AB6B4-930D-4F0C-8266-69E03F1FE329}"
EndProject
Project("{2150E333-8FDC-42A3-9474-1A3956D46DE8}") = "Pagamento", "Pagamento", "{CD9F4616-07B7-46F6-A4B4-591DB4536543}"
EndProject
Project("{2150E333-8FDC-42A3-9474-1A3956D46DE8}") = "Pedido", "Pedido", "{0915705E-6079-4CE8-A63F-E46B2031162F}"
EndProject
Project("{FAE04EC0-301F-11D3-BF4B-00C04F79EFBC}") = "LeoStore.Carrinho.Api", "src\services\LeoStore.Carrinho.Api\LeoStore.Carrinho.Api.csproj", "{4F58B30D-BEEC-444C-BA7A-0A2858ACC466}"
EndProject
Project("{FAE04EC0-301F-11D3-BF4B-00C04F79EFBC}") = "LeoStore.Catalogo.Api", "src\services\LeoStore.Catalogo.Api\LeoStore.Catalogo.Api.csproj", "{49AF0B47-50D3-4731-9EDE-DF20132CB3F4}"
EndProject
Project("{FAE04EC0-301F-11D3-BF4B-00C04F79EFBC}") = "LeoStore.Cliente.Api", "src\services\LeoStore.Cliente.Api\LeoStore.Cliente.Api.csproj", "{1CD20FBC-FFE5-41EC-882E-F8338C733375}"
EndProject
Project("{FAE04EC0-301F-11D3-BF4B-00C04F79EFBC}") = "LeoStore.Pagamento.Api", "src\services\LeoStore.Pagamento.Api\LeoStore.Pagamento.Api.csproj", "{8EDE6E25-FBC9-4905-BB2F-C6081EAC2132}"
EndProject
Project("{FAE04EC0-301F-11D3-BF4B-00C04F79EFBC}") = "LeoStore.Pedido.Api", "src\services\LeoStore.Pedido.Api\LeoStore.Pedido.Api.csproj", "{7C69DFE8-3841-46AD-A5F9-317D4BA7DB09}"
EndProject
Global
	GlobalSection(SolutionConfigurationPlatforms) = preSolution
		Debug|Any CPU = Debug|Any CPU
		Release|Any CPU = Release|Any CPU
	EndGlobalSection
	GlobalSection(ProjectConfigurationPlatforms) = postSolution
		{826A80AC-1E52-4E96-9DF8-D34DA743E61F}.Debug|Any CPU.ActiveCfg = Debug|Any CPU
		{826A80AC-1E52-4E96-9DF8-D34DA743E61F}.Debug|Any CPU.Build.0 = Debug|Any CPU
		{826A80AC-1E52-4E96-9DF8-D34DA743E61F}.Release|Any CPU.ActiveCfg = Release|Any CPU
		{826A80AC-1E52-4E96-9DF8-D34DA743E61F}.Release|Any CPU.Build.0 = Release|Any CPU
		{BC415AE3-14CE-40BD-BB36-78D3917843AA}.Debug|Any CPU.ActiveCfg = Debug|Any CPU
		{BC415AE3-14CE-40BD-BB36-78D3917843AA}.Debug|Any CPU.Build.0 = Debug|Any CPU
		{BC415AE3-14CE-40BD-BB36-78D3917843AA}.Release|Any CPU.ActiveCfg = Release|Any CPU
		{BC415AE3-14CE-40BD-BB36-78D3917843AA}.Release|Any CPU.Build.0 = Release|Any CPU
		{19984282-F81E-453D-9070-A7E279561951}.Debug|Any CPU.ActiveCfg = Debug|Any CPU
		{19984282-F81E-453D-9070-A7E279561951}.Debug|Any CPU.Build.0 = Debug|Any CPU
		{19984282-F81E-453D-9070-A7E279561951}.Release|Any CPU.ActiveCfg = Release|Any CPU
		{19984282-F81E-453D-9070-A7E279561951}.Release|Any CPU.Build.0 = Release|Any CPU
		{4F58B30D-BEEC-444C-BA7A-0A2858ACC466}.Debug|Any CPU.ActiveCfg = Debug|Any CPU
		{4F58B30D-BEEC-444C-BA7A-0A2858ACC466}.Debug|Any CPU.Build.0 = Debug|Any CPU
		{4F58B30D-BEEC-444C-BA7A-0A2858ACC466}.Release|Any CPU.ActiveCfg = Release|Any CPU
		{4F58B30D-BEEC-444C-BA7A-0A2858ACC466}.Release|Any CPU.Build.0 = Release|Any CPU
		{49AF0B47-50D3-4731-9EDE-DF20132CB3F4}.Debug|Any CPU.ActiveCfg = Debug|Any CPU
		{49AF0B47-50D3-4731-9EDE-DF20132CB3F4}.Debug|Any CPU.Build.0 = Debug|Any CPU
		{49AF0B47-50D3-4731-9EDE-DF20132CB3F4}.Release|Any CPU.ActiveCfg = Release|Any CPU
		{49AF0B47-50D3-4731-9EDE-DF20132CB3F4}.Release|Any CPU.Build.0 = Release|Any CPU
		{1CD20FBC-FFE5-41EC-882E-F8338C733375}.Debug|Any CPU.ActiveCfg = Debug|Any CPU
		{1CD20FBC-FFE5-41EC-882E-F8338C733375}.Debug|Any CPU.Build.0 = Debug|Any CPU
		{1CD20FBC-FFE5-41EC-882E-F8338C733375}.Release|Any CPU.ActiveCfg = Release|Any CPU
		{1CD20FBC-FFE5-41EC-882E-F8338C733375}.Release|Any CPU.Build.0 = Release|Any CPU
		{8EDE6E25-FBC9-4905-BB2F-C6081EAC2132}.Debug|Any CPU.ActiveCfg = Debug|Any CPU
		{8EDE6E25-FBC9-4905-BB2F-C6081EAC2132}.Debug|Any CPU.Build.0 = Debug|Any CPU
		{8EDE6E25-FBC9-4905-BB2F-C6081EAC2132}.Release|Any CPU.ActiveCfg = Release|Any CPU
		{8EDE6E25-FBC9-4905-BB2F-C6081EAC2132}.Release|Any CPU.Build.0 = Release|Any CPU
		{7C69DFE8-3841-46AD-A5F9-317D4BA7DB09}.Debug|Any CPU.ActiveCfg = Debug|Any CPU
		{7C69DFE8-3841-46AD-A5F9-317D4BA7DB09}.Debug|Any CPU.Build.0 = Debug|Any CPU
		{7C69DFE8-3841-46AD-A5F9-317D4BA7DB09}.Release|Any CPU.ActiveCfg = Release|Any CPU
		{7C69DFE8-3841-46AD-A5F9-317D4BA7DB09}.Release|Any CPU.Build.0 = Release|Any CPU
	EndGlobalSection
	GlobalSection(SolutionProperties) = preSolution
		HideSolutionNode = FALSE
	EndGlobalSection
	GlobalSection(NestedProjects) = preSolution
		{FF043C3D-7D87-4E1F-9C36-840BB6B7E457} = {A15B13B3-8066-41DF-A3EB-11989AFCB258}
		{7DD8489D-7ED0-4D9E-A827-7D3566F35C50} = {A15B13B3-8066-41DF-A3EB-11989AFCB258}
		{8EB11AB0-EE94-4095-8D86-0101E3A696E5} = {A15B13B3-8066-41DF-A3EB-11989AFCB258}
		{E69971C0-1DA1-4818-AFC2-3A92597A3EBC} = {7DD8489D-7ED0-4D9E-A827-7D3566F35C50}
		{826A80AC-1E52-4E96-9DF8-D34DA743E61F} = {E69971C0-1DA1-4818-AFC2-3A92597A3EBC}
		{D58B4EC5-DC08-4EA5-8705-C5D05F5E8A67} = {8EB11AB0-EE94-4095-8D86-0101E3A696E5}
		{BC415AE3-14CE-40BD-BB36-78D3917843AA} = {D58B4EC5-DC08-4EA5-8705-C5D05F5E8A67}
		{4F152228-7DD3-45F2-B297-81E5AE096B34} = {FF043C3D-7D87-4E1F-9C36-840BB6B7E457}
		{19984282-F81E-453D-9070-A7E279561951} = {4F152228-7DD3-45F2-B297-81E5AE096B34}
		{0A736512-38F4-4C81-BA81-EA66DF3F003C} = {7DD8489D-7ED0-4D9E-A827-7D3566F35C50}
		{B800A3A8-BB86-4638-BE64-663434FB2909} = {7DD8489D-7ED0-4D9E-A827-7D3566F35C50}
		{542AB6B4-930D-4F0C-8266-69E03F1FE329} = {7DD8489D-7ED0-4D9E-A827-7D3566F35C50}
		{CD9F4616-07B7-46F6-A4B4-591DB4536543} = {7DD8489D-7ED0-4D9E-A827-7D3566F35C50}
		{0915705E-6079-4CE8-A63F-E46B2031162F} = {7DD8489D-7ED0-4D9E-A827-7D3566F35C50}
		{4F58B30D-BEEC-444C-BA7A-0A2858ACC466} = {B800A3A8-BB86-4638-BE64-663434FB2909}
		{49AF0B47-50D3-4731-9EDE-DF20132CB3F4} = {0A736512-38F4-4C81-BA81-EA66DF3F003C}
		{1CD20FBC-FFE5-41EC-882E-F8338C733375} = {542AB6B4-930D-4F0C-8266-69E03F1FE329}
		{8EDE6E25-FBC9-4905-BB2F-C6081EAC2132} = {CD9F4616-07B7-46F6-A4B4-591DB4536543}
		{7C69DFE8-3841-46AD-A5F9-317D4BA7DB09} = {0915705E-6079-4CE8-A63F-E46B2031162F}
	EndGlobalSection
	GlobalSection(ExtensibilityGlobals) = postSolution
		SolutionGuid = {46F93DFC-C5D2-4E00-BDA8-CD9025FCF709}
	EndGlobalSection
EndGlobal
